
Microsoft Visual Studio Solution File, Format Version 12.00
# Visual Studio 2013
VisualStudioVersion = 12.0.21005.1
MinimumVisualStudioVersion = 10.0.40219.1
Project("{FAE04EC0-301F-11D3-BF4B-00C04F79EFBC}") = "ERPManagement", "ERPManagement\ERPManagement.csproj", "{9949DD80-10FE-4699-9981-2EF0C65EEF39}"
EndProject
Project("{FAE04EC0-301F-11D3-BF4B-00C04F79EFBC}") = "ERPMConsole", "ERPMConsole\ERPMConsole.csproj", "{7C602C04-E9DC-4627-ACF3-8576DEDBAFC7}"
EndProject
Global
	GlobalSection(SolutionConfigurationPlatforms) = preSolution
		Debug|Any CPU = Debug|Any CPU
		Release|Any CPU = Release|Any CPU
	EndGlobalSection
	GlobalSection(ProjectConfigurationPlatforms) = postSolution
		{9949DD80-10FE-4699-9981-2EF0C65EEF39}.Debug|Any CPU.ActiveCfg = Debug|Any CPU
		{9949DD80-10FE-4699-9981-2EF0C65EEF39}.Debug|Any CPU.Build.0 = Debug|Any CPU
		{9949DD80-10FE-4699-9981-2EF0C65EEF39}.Release|Any CPU.ActiveCfg = Release|Any CPU
		{9949DD80-10FE-4699-9981-2EF0C65EEF39}.Release|Any CPU.Build.0 = Release|Any CPU
		{7C602C04-E9DC-4627-ACF3-8576DEDBAFC7}.Debug|Any CPU.ActiveCfg = Debug|Any CPU
		{7C602C04-E9DC-4627-ACF3-8576DEDBAFC7}.Debug|Any CPU.Build.0 = Debug|Any CPU
		{7C602C04-E9DC-4627-ACF3-8576DEDBAFC7}.Release|Any CPU.ActiveCfg = Release|Any CPU
		{7C602C04-E9DC-4627-ACF3-8576DEDBAFC7}.Release|Any CPU.Build.0 = Release|Any CPU
	EndGlobalSection
	GlobalSection(SolutionProperties) = preSolution
		HideSolutionNode = FALSE
	EndGlobalSection
EndGlobal
